
Microsoft Visual Studio Solution File, Format Version 12.00
# Visual Studio Version 16
VisualStudioVersion = 16.0.33027.164
MinimumVisualStudioVersion = 10.0.40219.1
Project("{9A19103F-16F7-4668-BE54-9A1E7A4F7556}") = "PaymentApi", "QucikKartLogin\PaymentApi.csproj", "{015D459C-DC53-4803-9806-D6A8982401DF}"
EndProject
Project("{FAE04EC0-301F-11D3-BF4B-00C04F79EFBC}") = "OrderApi", "OrderApi\OrderApi.csproj", "{97DF1ECA-4DA3-46DF-A894-960589A1CA51}"
EndProject
Global
	GlobalSection(SolutionConfigurationPlatforms) = preSolution
		Debug|Any CPU = Debug|Any CPU
		Release|Any CPU = Release|Any CPU
	EndGlobalSection
	GlobalSection(ProjectConfigurationPlatforms) = postSolution
		{015D459C-DC53-4803-9806-D6A8982401DF}.Debug|Any CPU.ActiveCfg = Debug|Any CPU
		{015D459C-DC53-4803-9806-D6A8982401DF}.Debug|Any CPU.Build.0 = Debug|Any CPU
		{015D459C-DC53-4803-9806-D6A8982401DF}.Release|Any CPU.ActiveCfg = Release|Any CPU
		{015D459C-DC53-4803-9806-D6A8982401DF}.Release|Any CPU.Build.0 = Release|Any CPU
		{97DF1ECA-4DA3-46DF-A894-960589A1CA51}.Debug|Any CPU.ActiveCfg = Debug|Any CPU
		{97DF1ECA-4DA3-46DF-A894-960589A1CA51}.Debug|Any CPU.Build.0 = Debug|Any CPU
		{97DF1ECA-4DA3-46DF-A894-960589A1CA51}.Release|Any CPU.ActiveCfg = Release|Any CPU
		{97DF1ECA-4DA3-46DF-A894-960589A1CA51}.Release|Any CPU.Build.0 = Release|Any CPU
	EndGlobalSection
	GlobalSection(SolutionProperties) = preSolution
		HideSolutionNode = FALSE
	EndGlobalSection
	GlobalSection(ExtensibilityGlobals) = postSolution
		SolutionGuid = {99734FF7-FDD7-4EEF-8499-F0846B000DE4}
	EndGlobalSection
EndGlobal
